
Microsoft Visual Studio Solution File, Format Version 12.00
# Visual Studio 15
VisualStudioVersion = 15.0.27703.2018
MinimumVisualStudioVersion = 10.0.40219.1
Project("{E729F059-12D4-455F-A2A4-FDA8DD25E08A}") = "ModumateSetup", "ModumateSetup.isproj", "{ABF0154D-912C-45C5-91B0-8F43C30E8A5D}"
EndProject
Global
	GlobalSection(SolutionConfigurationPlatforms) = preSolution
		Debug|Default = Debug|Default
		Release|Default = Release|Default
	EndGlobalSection
	GlobalSection(ProjectConfigurationPlatforms) = postSolution
		{ABF0154D-912C-45C5-91B0-8F43C30E8A5D}.Debug|Default.ActiveCfg = Debug
		{ABF0154D-912C-45C5-91B0-8F43C30E8A5D}.Debug|Default.Build.0 = Debug
		{ABF0154D-912C-45C5-91B0-8F43C30E8A5D}.Release|Default.ActiveCfg = Release
		{ABF0154D-912C-45C5-91B0-8F43C30E8A5D}.Release|Default.Build.0 = Release
	EndGlobalSection
	GlobalSection(SolutionProperties) = preSolution
		HideSolutionNode = FALSE
	EndGlobalSection
	GlobalSection(ExtensibilityGlobals) = postSolution
		SolutionGuid = {0C3E97DF-68A7-4C70-B314-E78E9EBF0011}
	EndGlobalSection
EndGlobal
